<?xml version="1.0" encoding="utf-8"?>
<Project ToolsVersion="4.0" xmlns="http://schemas.microsoft.com/developer/msbuild/2003">
  <ItemGroup>
    <Filter Include="Fichiers sources">
      <UniqueIdentifier>{4FC737F1-C7A5-4376-A066-2A32D752A2FF}</UniqueIdentifier>
      <Extensions>cpp;c;cc;cxx;c++;cppm;ixx;def;odl;idl;hpj;bat;asm;asmx</Extensions>
    </Filter>
    <Filter Include="Fichiers d%27en-tête">
      <UniqueIdentifier>{93995380-89BD-4b04-88EB-625FBE52EBFB}</UniqueIdentifier>
      <Extensions>h;hh;hpp;hxx;h++;hm;inl;inc;ipp;xsd</Extensions>
    </Filter>
    <Filter Include="Fichiers de ressources">
      <UniqueIdentifier>{67DA6AB6-F800-4c08-8B7A-83BB121AAD01}</UniqueIdentifier>
      <Extensions>rc;ico;cur;bmp;dlg;rc2;rct;bin;rgs;gif;jpg;jpeg;jpe;resx;tiff;tif;png;wav;mfcribbon-ms</Extensions>
    </Filter>
    <Filter Include="Fichiers sources\Classes">
      <UniqueIdentifier>{eb9ce6b6-234b-4908-8c0b-f7f9bd122f49}</UniqueIdentifier>
    </Filter>
    <Filter Include="Fichiers d%27en-tête\Classes">
      <UniqueIdentifier>{0358e6ae-4895-4fb0-882d-1ed6e7edc6ea}</UniqueIdentifier>
    </Filter>
    <Filter Include="Fichiers d%27en-tête\Headers">
      <UniqueIdentifier>{9f2223ba-cc11-4939-9fa3-d39667538169}</UniqueIdentifier>
    </Filter>
    <Filter Include="Fichiers sources\Sources">
      <UniqueIdentifier>{1a8682ea-ed17-4332-89eb-0c99a43a671e}</UniqueIdentifier>
    </Filter>
  </ItemGroup>
  <ItemGroup>
    <ClCompile Include="TP1.cpp">
      <Filter>Fichiers sources</Filter>
    </ClCompile>
    <ClCompile Include="Graph.cpp">
      <Filter>Fichiers sources\Classes</Filter>
    </ClCompile>
    <ClCompile Include="Solution.cpp">
      <Filter>Fichiers sources\Classes</Filter>
    </ClCompile>
    <ClCompile Include="Operations.cpp">
      <Filter>Fichiers sources\Sources</Filter>
    </ClCompile>
    <ClCompile Include="Source.cpp">
      <Filter>Fichiers sources\Sources</Filter>
    </ClCompile>
    <ClCompile Include="Tests.cpp">
      <Filter>Fichiers sources</Filter>
    </ClCompile>
  </ItemGroup>
  <ItemGroup>
    <ClInclude Include="Solution.hpp">
      <Filter>Fichiers d%27en-tête\Classes</Filter>
    </ClInclude>
    <ClInclude Include="Graph.hpp">
      <Filter>Fichiers d%27en-tête\Classes</Filter>
    </ClInclude>
    <ClInclude Include="Constants.hpp">
      <Filter>Fichiers d%27en-tête\Headers</Filter>
    </ClInclude>
    <ClInclude Include="Operations.hpp">
      <Filter>Fichiers d%27en-tête\Headers</Filter>
    </ClInclude>
    <ClInclude Include="Header.h">
      <Filter>Fichiers d%27en-tête\Headers</Filter>
    </ClInclude>
    <ClInclude Include="Tests.hpp">
      <Filter>Fichiers d%27en-tête\Headers</Filter>
    </ClInclude>
  </ItemGroup>
  <ItemGroup>
    <None Include="DLP_210.dat">
      <Filter>Fichiers de ressources</Filter>
    </None>
    <None Include="graph_p2">
      <Filter>Fichiers de ressources</Filter>
    </None>
    <None Include="graph_travaux">
      <Filter>Fichiers de ressources</Filter>
    </None>
  </ItemGroup>
</Project>